
Microsoft Visual Studio Solution File, Format Version 12.00
Project("{FAE04EC0-301F-11D3-BF4B-00C04F79EFBC}") = "DancingGoat", "DancingGoat.csproj", "{6F860FCE-32FA-469F-BE81-A6407B66B2B7}"
EndProject
Project("{FAE04EC0-301F-11D3-BF4B-00C04F79EFBC}") = "XperienceCommunity.Redirects", "..\..\src\XperienceCommunity.Redirects.csproj", "{53467699-805F-4F80-96C5-2C0EE7E75DE7}"
EndProject
Global
	GlobalSection(SolutionConfigurationPlatforms) = preSolution
		Debug|Any CPU = Debug|Any CPU
		Release|Any CPU = Release|Any CPU
	EndGlobalSection
	GlobalSection(ProjectConfigurationPlatforms) = postSolution
		{6F860FCE-32FA-469F-BE81-A6407B66B2B7}.Debug|Any CPU.ActiveCfg = Debug|Any CPU
		{6F860FCE-32FA-469F-BE81-A6407B66B2B7}.Debug|Any CPU.Build.0 = Debug|Any CPU
		{6F860FCE-32FA-469F-BE81-A6407B66B2B7}.Release|Any CPU.ActiveCfg = Release|Any CPU
		{6F860FCE-32FA-469F-BE81-A6407B66B2B7}.Release|Any CPU.Build.0 = Release|Any CPU
		{53467699-805F-4F80-96C5-2C0EE7E75DE7}.Debug|Any CPU.ActiveCfg = Debug|Any CPU
		{53467699-805F-4F80-96C5-2C0EE7E75DE7}.Debug|Any CPU.Build.0 = Debug|Any CPU
		{53467699-805F-4F80-96C5-2C0EE7E75DE7}.Release|Any CPU.ActiveCfg = Release|Any CPU
		{53467699-805F-4F80-96C5-2C0EE7E75DE7}.Release|Any CPU.Build.0 = Release|Any CPU
	EndGlobalSection
EndGlobal
